schema: '2.0'
stages:
  fetch:
    cmd: python3 stages/fetch_data.py
    deps:
    - path: stages/fetch_data.py
      hash: md5
      md5: 1473f98e9f887130801fdd9cfb32cc43
      size: 11465
    outs:
    - path: brick/cebs_DDT_datasets.parquet
      hash: md5
      md5: 95ddc5abe30bbeb98beee72735496041
      size: 19085
    - path: brick/datasets/
      hash: md5
      md5: a1cc2e442717c2461c6cff58cd25a8a6.dir
      size: 2937309
      nfiles: 47
