schema: '2.0'
stages:
  fetch:
    cmd: python3 stages/fetch_data.py
    deps:
    - path: stages/fetch_data.py
      hash: md5
      md5: 5ef8d50a9461450d6377c0cddcbc00aa
      size: 11727
    outs:
    - path: brick/cebs_DDT_datasets.parquet
      hash: md5
      md5: febda3b86e604f080f24341346816717
      size: 17522
    - path: brick/datasets/
      hash: md5
      md5: d751713988987e9331980363e24189ce.dir
      size: 0
      nfiles: 0
